
Microsoft Visual Studio Solution File, Format Version 12.00
# Visual Studio Version 17
VisualStudioVersion = 17.11.35222.181
MinimumVisualStudioVersion = 10.0.40219.1
Project("{8BC9CEB8-8B4A-11D0-8D11-00A0C91BC942}") = "task 1", "task 1\task 1.vcxproj", "{64824364-0AB2-40C9-BCFC-8D5DF1E3F5F0}"
EndProject
Global
	GlobalSection(SolutionConfigurationPlatforms) = preSolution
		Debug|x64 = Debug|x64
		Debug|x86 = Debug|x86
		Release|x64 = Release|x64
		Release|x86 = Release|x86
	EndGlobalSection
	GlobalSection(ProjectConfigurationPlatforms) = postSolution
		{64824364-0AB2-40C9-BCFC-8D5DF1E3F5F0}.Debug|x64.ActiveCfg = Release|x64
		{64824364-0AB2-40C9-BCFC-8D5DF1E3F5F0}.Debug|x64.Build.0 = Release|x64
		{64824364-0AB2-40C9-BCFC-8D5DF1E3F5F0}.Debug|x86.ActiveCfg = Debug|Win32
		{64824364-0AB2-40C9-BCFC-8D5DF1E3F5F0}.Debug|x86.Build.0 = Debug|Win32
		{64824364-0AB2-40C9-BCFC-8D5DF1E3F5F0}.Release|x64.ActiveCfg = Release|x64
		{64824364-0AB2-40C9-BCFC-8D5DF1E3F5F0}.Release|x64.Build.0 = Release|x64
		{64824364-0AB2-40C9-BCFC-8D5DF1E3F5F0}.Release|x86.ActiveCfg = Release|Win32
		{64824364-0AB2-40C9-BCFC-8D5DF1E3F5F0}.Release|x86.Build.0 = Release|Win32
	EndGlobalSection
	GlobalSection(SolutionProperties) = preSolution
		HideSolutionNode = FALSE
	EndGlobalSection
	GlobalSection(ExtensibilityGlobals) = postSolution
		SolutionGuid = {012972A3-67AE-4BE3-A7EB-52F1216E73E6}
	EndGlobalSection
EndGlobal
